
Microsoft Visual Studio Solution File, Format Version 12.00
# Visual Studio Version 17
VisualStudioVersion = 17.13.35919.96 d17.13
MinimumVisualStudioVersion = 10.0.40219.1
Project("{FAE04EC0-301F-11D3-BF4B-00C04F79EFBC}") = "ContactList", "ContactList\ContactList.csproj", "{4527111C-3815-4FC3-95A1-A6F7501150FE}"
EndProject
Global
	GlobalSection(SolutionConfigurationPlatforms) = preSolution
		Debug|Any CPU = Debug|Any CPU
		Release|Any CPU = Release|Any CPU
	EndGlobalSection
	GlobalSection(ProjectConfigurationPlatforms) = postSolution
		{4527111C-3815-4FC3-95A1-A6F7501150FE}.Debug|Any CPU.ActiveCfg = Debug|Any CPU
		{4527111C-3815-4FC3-95A1-A6F7501150FE}.Debug|Any CPU.Build.0 = Debug|Any CPU
		{4527111C-3815-4FC3-95A1-A6F7501150FE}.Release|Any CPU.ActiveCfg = Release|Any CPU
		{4527111C-3815-4FC3-95A1-A6F7501150FE}.Release|Any CPU.Build.0 = Release|Any CPU
	EndGlobalSection
	GlobalSection(SolutionProperties) = preSolution
		HideSolutionNode = FALSE
	EndGlobalSection
	GlobalSection(ExtensibilityGlobals) = postSolution
		SolutionGuid = {E4F5A9F2-5195-408F-B284-6A73D3448D46}
	EndGlobalSection
EndGlobal
